
Microsoft Visual Studio Solution File, Format Version 12.00
# Visual Studio Version 17
VisualStudioVersion = 17.0.31903.59
MinimumVisualStudioVersion = 10.0.40219.1
Project("{FAE04EC0-301F-11D3-BF4B-00C04F79EFBC}") = "StatelessBehaviorTree.Core", "StatelessBehaviorTree.Core\StatelessBehaviorTree.Core.csproj", "{93EF2BBD-F300-F13E-EA28-1BF167C23F0B}"
EndProject
Project("{FAE04EC0-301F-11D3-BF4B-00C04F79EFBC}") = "StatelessBehaviorTree.Tests", "StatelessBehaviorTree.Tests\StatelessBehaviorTree.Tests.csproj", "{220E3D2E-8CED-3163-9BA5-E95E69012199}"
EndProject
Project("{FAE04EC0-301F-11D3-BF4B-00C04F79EFBC}") = "StatelessBehaviorTree.Debug", "StatelessBehaviorTree.Debug\StatelessBehaviorTree.Debug.csproj", "{4D64D3F5-1748-018B-2032-73769FD65BE8}"
EndProject
Project("{FAE04EC0-301F-11D3-BF4B-00C04F79EFBC}") = "StatelessBehaviorTree.Demo", "StatelessBehaviorTree.Demo\StatelessBehaviorTree.Demo.csproj", "{879245B2-8977-4F50-0FB2-AEE67B5EDCC1}"
EndProject
Project("{FAE04EC0-301F-11D3-BF4B-00C04F79EFBC}") = "StatelessBehaviorTree.Visualizer", "StatelessBehaviorTree.Visualizer\StatelessBehaviorTree.Visualizer.csproj", "{AA2E11E1-D8DC-4DFC-B144-02058F1F45B2}"
EndProject
Global
	GlobalSection(SolutionConfigurationPlatforms) = preSolution
		Debug|Any CPU = Debug|Any CPU
		Debug|x64 = Debug|x64
		Debug|x86 = Debug|x86
		Release|Any CPU = Release|Any CPU
		Release|x64 = Release|x64
		Release|x86 = Release|x86
	EndGlobalSection
	GlobalSection(ProjectConfigurationPlatforms) = postSolution
		{93EF2BBD-F300-F13E-EA28-1BF167C23F0B}.Debug|Any CPU.ActiveCfg = Debug|Any CPU
		{93EF2BBD-F300-F13E-EA28-1BF167C23F0B}.Debug|Any CPU.Build.0 = Debug|Any CPU
		{93EF2BBD-F300-F13E-EA28-1BF167C23F0B}.Debug|x64.ActiveCfg = Debug|Any CPU
		{93EF2BBD-F300-F13E-EA28-1BF167C23F0B}.Debug|x64.Build.0 = Debug|Any CPU
		{93EF2BBD-F300-F13E-EA28-1BF167C23F0B}.Debug|x86.ActiveCfg = Debug|Any CPU
		{93EF2BBD-F300-F13E-EA28-1BF167C23F0B}.Debug|x86.Build.0 = Debug|Any CPU
		{93EF2BBD-F300-F13E-EA28-1BF167C23F0B}.Release|Any CPU.ActiveCfg = Release|Any CPU
		{93EF2BBD-F300-F13E-EA28-1BF167C23F0B}.Release|Any CPU.Build.0 = Release|Any CPU
		{93EF2BBD-F300-F13E-EA28-1BF167C23F0B}.Release|x64.ActiveCfg = Release|Any CPU
		{93EF2BBD-F300-F13E-EA28-1BF167C23F0B}.Release|x64.Build.0 = Release|Any CPU
		{93EF2BBD-F300-F13E-EA28-1BF167C23F0B}.Release|x86.ActiveCfg = Release|Any CPU
		{93EF2BBD-F300-F13E-EA28-1BF167C23F0B}.Release|x86.Build.0 = Release|Any CPU
		{220E3D2E-8CED-3163-9BA5-E95E69012199}.Debug|Any CPU.ActiveCfg = Debug|Any CPU
		{220E3D2E-8CED-3163-9BA5-E95E69012199}.Debug|Any CPU.Build.0 = Debug|Any CPU
		{220E3D2E-8CED-3163-9BA5-E95E69012199}.Debug|x64.ActiveCfg = Debug|Any CPU
		{220E3D2E-8CED-3163-9BA5-E95E69012199}.Debug|x64.Build.0 = Debug|Any CPU
		{220E3D2E-8CED-3163-9BA5-E95E69012199}.Debug|x86.ActiveCfg = Debug|Any CPU
		{220E3D2E-8CED-3163-9BA5-E95E69012199}.Debug|x86.Build.0 = Debug|Any CPU
		{220E3D2E-8CED-3163-9BA5-E95E69012199}.Release|Any CPU.ActiveCfg = Release|Any CPU
		{220E3D2E-8CED-3163-9BA5-E95E69012199}.Release|Any CPU.Build.0 = Release|Any CPU
		{220E3D2E-8CED-3163-9BA5-E95E69012199}.Release|x64.ActiveCfg = Release|Any CPU
		{220E3D2E-8CED-3163-9BA5-E95E69012199}.Release|x64.Build.0 = Release|Any CPU
		{220E3D2E-8CED-3163-9BA5-E95E69012199}.Release|x86.ActiveCfg = Release|Any CPU
		{220E3D2E-8CED-3163-9BA5-E95E69012199}.Release|x86.Build.0 = Release|Any CPU
		{4D64D3F5-1748-018B-2032-73769FD65BE8}.Debug|Any CPU.ActiveCfg = Debug|Any CPU
		{4D64D3F5-1748-018B-2032-73769FD65BE8}.Debug|Any CPU.Build.0 = Debug|Any CPU
		{4D64D3F5-1748-018B-2032-73769FD65BE8}.Debug|x64.ActiveCfg = Debug|Any CPU
		{4D64D3F5-1748-018B-2032-73769FD65BE8}.Debug|x64.Build.0 = Debug|Any CPU
		{4D64D3F5-1748-018B-2032-73769FD65BE8}.Debug|x86.ActiveCfg = Debug|Any CPU
		{4D64D3F5-1748-018B-2032-73769FD65BE8}.Debug|x86.Build.0 = Debug|Any CPU
		{4D64D3F5-1748-018B-2032-73769FD65BE8}.Release|Any CPU.ActiveCfg = Release|Any CPU
		{4D64D3F5-1748-018B-2032-73769FD65BE8}.Release|Any CPU.Build.0 = Release|Any CPU
		{4D64D3F5-1748-018B-2032-73769FD65BE8}.Release|x64.ActiveCfg = Release|Any CPU
		{4D64D3F5-1748-018B-2032-73769FD65BE8}.Release|x64.Build.0 = Release|Any CPU
		{4D64D3F5-1748-018B-2032-73769FD65BE8}.Release|x86.ActiveCfg = Release|Any CPU
		{4D64D3F5-1748-018B-2032-73769FD65BE8}.Release|x86.Build.0 = Release|Any CPU
		{879245B2-8977-4F50-0FB2-AEE67B5EDCC1}.Debug|Any CPU.ActiveCfg = Debug|Any CPU
		{879245B2-8977-4F50-0FB2-AEE67B5EDCC1}.Debug|Any CPU.Build.0 = Debug|Any CPU
		{879245B2-8977-4F50-0FB2-AEE67B5EDCC1}.Debug|x64.ActiveCfg = Debug|Any CPU
		{879245B2-8977-4F50-0FB2-AEE67B5EDCC1}.Debug|x64.Build.0 = Debug|Any CPU
		{879245B2-8977-4F50-0FB2-AEE67B5EDCC1}.Debug|x86.ActiveCfg = Debug|Any CPU
		{879245B2-8977-4F50-0FB2-AEE67B5EDCC1}.Debug|x86.Build.0 = Debug|Any CPU
		{879245B2-8977-4F50-0FB2-AEE67B5EDCC1}.Release|Any CPU.ActiveCfg = Release|Any CPU
		{879245B2-8977-4F50-0FB2-AEE67B5EDCC1}.Release|Any CPU.Build.0 = Release|Any CPU
		{879245B2-8977-4F50-0FB2-AEE67B5EDCC1}.Release|x64.ActiveCfg = Release|Any CPU
		{879245B2-8977-4F50-0FB2-AEE67B5EDCC1}.Release|x64.Build.0 = Release|Any CPU
		{879245B2-8977-4F50-0FB2-AEE67B5EDCC1}.Release|x86.ActiveCfg = Release|Any CPU
		{879245B2-8977-4F50-0FB2-AEE67B5EDCC1}.Release|x86.Build.0 = Release|Any CPU
		{AA2E11E1-D8DC-4DFC-B144-02058F1F45B2}.Debug|Any CPU.ActiveCfg = Debug|Any CPU
		{AA2E11E1-D8DC-4DFC-B144-02058F1F45B2}.Debug|Any CPU.Build.0 = Debug|Any CPU
		{AA2E11E1-D8DC-4DFC-B144-02058F1F45B2}.Debug|x64.ActiveCfg = Debug|Any CPU
		{AA2E11E1-D8DC-4DFC-B144-02058F1F45B2}.Debug|x64.Build.0 = Debug|Any CPU
		{AA2E11E1-D8DC-4DFC-B144-02058F1F45B2}.Debug|x86.ActiveCfg = Debug|Any CPU
		{AA2E11E1-D8DC-4DFC-B144-02058F1F45B2}.Debug|x86.Build.0 = Debug|Any CPU
		{AA2E11E1-D8DC-4DFC-B144-02058F1F45B2}.Release|Any CPU.ActiveCfg = Release|Any CPU
		{AA2E11E1-D8DC-4DFC-B144-02058F1F45B2}.Release|Any CPU.Build.0 = Release|Any CPU
		{AA2E11E1-D8DC-4DFC-B144-02058F1F45B2}.Release|x64.ActiveCfg = Release|Any CPU
		{AA2E11E1-D8DC-4DFC-B144-02058F1F45B2}.Release|x64.Build.0 = Release|Any CPU
		{AA2E11E1-D8DC-4DFC-B144-02058F1F45B2}.Release|x86.ActiveCfg = Release|Any CPU
		{AA2E11E1-D8DC-4DFC-B144-02058F1F45B2}.Release|x86.Build.0 = Release|Any CPU
	EndGlobalSection
	GlobalSection(SolutionProperties) = preSolution
		HideSolutionNode = FALSE
	EndGlobalSection
	GlobalSection(ExtensibilityGlobals) = postSolution
		SolutionGuid = {AD654437-5632-4CDC-BA3F-C81DF896B963}
	EndGlobalSection
EndGlobal
